
Microsoft Visual Studio Solution File, Format Version 12.00
# Visual Studio Version 16
VisualStudioVersion = 16.0.33214.272
MinimumVisualStudioVersion = 10.0.40219.1
Project("{8BC9CEB8-8B4A-11D0-8D11-00A0C91BC942}") = "OOP_HW_17_Svyrydov", "OOP_HW_17_Svyrydov.vcxproj", "{99B5A0FD-E8FC-4936-A2C6-B0C8DB91E5D2}"
EndProject
Global
	GlobalSection(SolutionConfigurationPlatforms) = preSolution
		Debug|x64 = Debug|x64
		Debug|x86 = Debug|x86
		Release|x64 = Release|x64
		Release|x86 = Release|x86
	EndGlobalSection
	GlobalSection(ProjectConfigurationPlatforms) = postSolution
		{99B5A0FD-E8FC-4936-A2C6-B0C8DB91E5D2}.Debug|x64.ActiveCfg = Debug|x64
		{99B5A0FD-E8FC-4936-A2C6-B0C8DB91E5D2}.Debug|x64.Build.0 = Debug|x64
		{99B5A0FD-E8FC-4936-A2C6-B0C8DB91E5D2}.Debug|x86.ActiveCfg = Debug|Win32
		{99B5A0FD-E8FC-4936-A2C6-B0C8DB91E5D2}.Debug|x86.Build.0 = Debug|Win32
		{99B5A0FD-E8FC-4936-A2C6-B0C8DB91E5D2}.Release|x64.ActiveCfg = Release|x64
		{99B5A0FD-E8FC-4936-A2C6-B0C8DB91E5D2}.Release|x64.Build.0 = Release|x64
		{99B5A0FD-E8FC-4936-A2C6-B0C8DB91E5D2}.Release|x86.ActiveCfg = Release|Win32
		{99B5A0FD-E8FC-4936-A2C6-B0C8DB91E5D2}.Release|x86.Build.0 = Release|Win32
	EndGlobalSection
	GlobalSection(SolutionProperties) = preSolution
		HideSolutionNode = FALSE
	EndGlobalSection
	GlobalSection(ExtensibilityGlobals) = postSolution
		SolutionGuid = {A3E8EA1D-5082-4241-8C24-C182195CA814}
	EndGlobalSection
EndGlobal
